{
  "name": "python_demo",
  "lockfileVersion": 2,
  "requires": true,
  "packages": {
    "": {
      "dependencies": {
        "ccxt": "^1.74.31"
      }
    },
    "node_modules/ccxt": {
      "version": "1.74.31",
      "resolved": "https://registry.npmjs.org/ccxt/-/ccxt-1.74.31.tgz",
      "integrity": "sha512-07SIFwDSUTlesx8/J67G762ZCt9TN5/+5LQxDq9PooAdpV3S1xiwHPjvjZc5rmqdjnTDvhl+h6Al+lcx81b6EQ==",
      "hasInstallScript": true,
      "engines": {
        "node": ">=10.4.0"
      }
    }
  },
  "dependencies": {
    "ccxt": {
      "version": "1.74.31",
      "resolved": "https://registry.npmjs.org/ccxt/-/ccxt-1.74.31.tgz",
      "integrity": "sha512-07SIFwDSUTlesx8/J67G762ZCt9TN5/+5LQxDq9PooAdpV3S1xiwHPjvjZc5rmqdjnTDvhl+h6Al+lcx81b6EQ=="
    }
  }
}
